
Microsoft Visual Studio Solution File, Format Version 12.00
# Visual Studio Version 16
VisualStudioVersion = 16.0.30626.31
MinimumVisualStudioVersion = 10.0.40219.1
Project("{F184B08F-C81C-45F6-A57F-5ABD9991F28F}") = "CashFlow", "CashFlow\CashFlow.vbproj", "{F97DF9C8-13E8-4443-AF50-155BD6165511}"
EndProject
Project("{F184B08F-C81C-45F6-A57F-5ABD9991F28F}") = "CashFlowTests", "CashFlowTests\CashFlowTests.vbproj", "{2629E8B1-0E4D-4414-AEBD-F69C50D1AD16}"
EndProject
Project("{FAE04EC0-301F-11D3-BF4B-00C04F79EFBC}") = "CashFlow.Library", "CashFlow.Library\CashFlow.Library.csproj", "{5B1E00F9-9E8E-439E-8B2A-9A5259803019}"
EndProject
Global
	GlobalSection(SolutionConfigurationPlatforms) = preSolution
		Debug|Any CPU = Debug|Any CPU
		Debug|x86 = Debug|x86
		Release|Any CPU = Release|Any CPU
		Release|x86 = Release|x86
	EndGlobalSection
	GlobalSection(ProjectConfigurationPlatforms) = postSolution
		{F97DF9C8-13E8-4443-AF50-155BD6165511}.Debug|Any CPU.ActiveCfg = Debug|Any CPU
		{F97DF9C8-13E8-4443-AF50-155BD6165511}.Debug|Any CPU.Build.0 = Debug|Any CPU
		{F97DF9C8-13E8-4443-AF50-155BD6165511}.Debug|x86.ActiveCfg = Debug|x86
		{F97DF9C8-13E8-4443-AF50-155BD6165511}.Debug|x86.Build.0 = Debug|x86
		{F97DF9C8-13E8-4443-AF50-155BD6165511}.Release|Any CPU.ActiveCfg = Release|Any CPU
		{F97DF9C8-13E8-4443-AF50-155BD6165511}.Release|Any CPU.Build.0 = Release|Any CPU
		{F97DF9C8-13E8-4443-AF50-155BD6165511}.Release|x86.ActiveCfg = Release|x86
		{F97DF9C8-13E8-4443-AF50-155BD6165511}.Release|x86.Build.0 = Release|x86
		{2629E8B1-0E4D-4414-AEBD-F69C50D1AD16}.Debug|Any CPU.ActiveCfg = Debug|Any CPU
		{2629E8B1-0E4D-4414-AEBD-F69C50D1AD16}.Debug|Any CPU.Build.0 = Debug|Any CPU
		{2629E8B1-0E4D-4414-AEBD-F69C50D1AD16}.Debug|x86.ActiveCfg = Debug|Any CPU
		{2629E8B1-0E4D-4414-AEBD-F69C50D1AD16}.Debug|x86.Build.0 = Debug|Any CPU
		{2629E8B1-0E4D-4414-AEBD-F69C50D1AD16}.Release|Any CPU.ActiveCfg = Release|Any CPU
		{2629E8B1-0E4D-4414-AEBD-F69C50D1AD16}.Release|Any CPU.Build.0 = Release|Any CPU
		{2629E8B1-0E4D-4414-AEBD-F69C50D1AD16}.Release|x86.ActiveCfg = Release|Any CPU
		{2629E8B1-0E4D-4414-AEBD-F69C50D1AD16}.Release|x86.Build.0 = Release|Any CPU
		{5B1E00F9-9E8E-439E-8B2A-9A5259803019}.Debug|Any CPU.ActiveCfg = Debug|Any CPU
		{5B1E00F9-9E8E-439E-8B2A-9A5259803019}.Debug|Any CPU.Build.0 = Debug|Any CPU
		{5B1E00F9-9E8E-439E-8B2A-9A5259803019}.Debug|x86.ActiveCfg = Debug|Any CPU
		{5B1E00F9-9E8E-439E-8B2A-9A5259803019}.Debug|x86.Build.0 = Debug|Any CPU
		{5B1E00F9-9E8E-439E-8B2A-9A5259803019}.Release|Any CPU.ActiveCfg = Release|Any CPU
		{5B1E00F9-9E8E-439E-8B2A-9A5259803019}.Release|Any CPU.Build.0 = Release|Any CPU
		{5B1E00F9-9E8E-439E-8B2A-9A5259803019}.Release|x86.ActiveCfg = Release|Any CPU
		{5B1E00F9-9E8E-439E-8B2A-9A5259803019}.Release|x86.Build.0 = Release|Any CPU
	EndGlobalSection
	GlobalSection(SolutionProperties) = preSolution
		HideSolutionNode = FALSE
	EndGlobalSection
	GlobalSection(ExtensibilityGlobals) = postSolution
		SolutionGuid = {F23B3B9C-2788-49EE-98F5-DEAB469A42CB}
	EndGlobalSection
EndGlobal
