
Microsoft Visual Studio Solution File, Format Version 12.00
# Visual Studio 14
VisualStudioVersion = 14.0.25420.1
MinimumVisualStudioVersion = 10.0.40219.1
Project("{F184B08F-C81C-45F6-A57F-5ABD9991F28F}") = "CashFlow", "CashFlow\CashFlow.vbproj", "{F97DF9C8-13E8-4443-AF50-155BD6165511}"
EndProject
Global
	GlobalSection(SolutionConfigurationPlatforms) = preSolution
		Debug|Any CPU = Debug|Any CPU
		Debug|x86 = Debug|x86
		Release|Any CPU = Release|Any CPU
		Release|x86 = Release|x86
	EndGlobalSection
	GlobalSection(ProjectConfigurationPlatforms) = postSolution
		{F97DF9C8-13E8-4443-AF50-155BD6165511}.Debug|Any CPU.ActiveCfg = Debug|Any CPU
		{F97DF9C8-13E8-4443-AF50-155BD6165511}.Debug|Any CPU.Build.0 = Debug|Any CPU
		{F97DF9C8-13E8-4443-AF50-155BD6165511}.Debug|x86.ActiveCfg = Debug|x86
		{F97DF9C8-13E8-4443-AF50-155BD6165511}.Debug|x86.Build.0 = Debug|x86
		{F97DF9C8-13E8-4443-AF50-155BD6165511}.Release|Any CPU.ActiveCfg = Release|Any CPU
		{F97DF9C8-13E8-4443-AF50-155BD6165511}.Release|Any CPU.Build.0 = Release|Any CPU
		{F97DF9C8-13E8-4443-AF50-155BD6165511}.Release|x86.ActiveCfg = Release|x86
		{F97DF9C8-13E8-4443-AF50-155BD6165511}.Release|x86.Build.0 = Release|x86
	EndGlobalSection
	GlobalSection(SolutionProperties) = preSolution
		HideSolutionNode = FALSE
	EndGlobalSection
EndGlobal
